
Microsoft Visual Studio Solution File, Format Version 12.00
# Visual Studio Version 16
VisualStudioVersion = 16.0.31515.178
MinimumVisualStudioVersion = 10.0.40219.1
Project("{FAE04EC0-301F-11D3-BF4B-00C04F79EFBC}") = "AronGibsonLab7ShoppingList", "AronGibsonLab7ShoppingList\AronGibsonLab7ShoppingList.csproj", "{1377AF7A-74DE-45E9-9D06-A9E4AA81E64B}"
EndProject
Global
	GlobalSection(SolutionConfigurationPlatforms) = preSolution
		Debug|Any CPU = Debug|Any CPU
		Release|Any CPU = Release|Any CPU
	EndGlobalSection
	GlobalSection(ProjectConfigurationPlatforms) = postSolution
		{1377AF7A-74DE-45E9-9D06-A9E4AA81E64B}.Debug|Any CPU.ActiveCfg = Debug|Any CPU
		{1377AF7A-74DE-45E9-9D06-A9E4AA81E64B}.Debug|Any CPU.Build.0 = Debug|Any CPU
		{1377AF7A-74DE-45E9-9D06-A9E4AA81E64B}.Release|Any CPU.ActiveCfg = Release|Any CPU
		{1377AF7A-74DE-45E9-9D06-A9E4AA81E64B}.Release|Any CPU.Build.0 = Release|Any CPU
	EndGlobalSection
	GlobalSection(SolutionProperties) = preSolution
		HideSolutionNode = FALSE
	EndGlobalSection
	GlobalSection(ExtensibilityGlobals) = postSolution
		SolutionGuid = {68B524E4-EFF0-4438-8F9F-3BFFF15DA3FF}
	EndGlobalSection
EndGlobal
